
Microsoft Visual Studio Solution File, Format Version 12.00
# Visual Studio Version 17
VisualStudioVersion = 17.3.32929.385
MinimumVisualStudioVersion = 10.0.40219.1
Project("{9A19103F-16F7-4668-BE54-9A1E7A4F7556}") = "Polymorfisme Øvelse", "Objekt Øvelse\Polymorfisme Øvelse.csproj", "{1B739243-5D8E-4A23-BB1E-0E759524DEFE}"
EndProject
Global
	GlobalSection(SolutionConfigurationPlatforms) = preSolution
		Debug|Any CPU = Debug|Any CPU
		Release|Any CPU = Release|Any CPU
	EndGlobalSection
	GlobalSection(ProjectConfigurationPlatforms) = postSolution
		{1B739243-5D8E-4A23-BB1E-0E759524DEFE}.Debug|Any CPU.ActiveCfg = Debug|Any CPU
		{1B739243-5D8E-4A23-BB1E-0E759524DEFE}.Debug|Any CPU.Build.0 = Debug|Any CPU
		{1B739243-5D8E-4A23-BB1E-0E759524DEFE}.Release|Any CPU.ActiveCfg = Release|Any CPU
		{1B739243-5D8E-4A23-BB1E-0E759524DEFE}.Release|Any CPU.Build.0 = Release|Any CPU
	EndGlobalSection
	GlobalSection(SolutionProperties) = preSolution
		HideSolutionNode = FALSE
	EndGlobalSection
	GlobalSection(ExtensibilityGlobals) = postSolution
		SolutionGuid = {70530FAB-1E22-48CF-8472-76857F586A6C}
	EndGlobalSection
EndGlobal
